
Microsoft Visual Studio Solution File, Format Version 12.00
# Visual Studio 15
VisualStudioVersion = 15.0.27703.2047
MinimumVisualStudioVersion = 10.0.40219.1
Project("{FAE04EC0-301F-11D3-BF4B-00C04F79EFBC}") = "Sales.Android", "Sales\Sales.Android\Sales.Android.csproj", "{E92D5B39-1539-4782-97B0-901C8B14D7F5}"
EndProject
Project("{FAE04EC0-301F-11D3-BF4B-00C04F79EFBC}") = "Sales.iOS", "Sales\Sales.iOS\Sales.iOS.csproj", "{9B0B7C99-A8D4-484E-8F89-F19922C7AA07}"
EndProject
Project("{FAE04EC0-301F-11D3-BF4B-00C04F79EFBC}") = "Sales.UWP", "Sales\Sales.UWP\Sales.UWP.csproj", "{6378EB6C-A601-492D-AB29-68EBA097BD84}"
EndProject
Project("{9A19103F-16F7-4668-BE54-9A1E7A4F7556}") = "Sales", "Sales\Sales\Sales.csproj", "{96612BEB-D285-4A3F-86E6-94E55F8C1CED}"
EndProject
Project("{FAE04EC0-301F-11D3-BF4B-00C04F79EFBC}") = "Sales.Backend", "Sales.Backend\Sales.Backend.csproj", "{21B0173C-DBE4-43A4-812B-773D665591DC}"
EndProject
Project("{FAE04EC0-301F-11D3-BF4B-00C04F79EFBC}") = "Sales.API", "Sales.API\Sales.API.csproj", "{D43BF89B-4F39-4401-8A84-392F97291FE9}"
EndProject
Project("{FAE04EC0-301F-11D3-BF4B-00C04F79EFBC}") = "Sales.Domain", "Sales.Domain\Sales.Domain.csproj", "{2A2924BE-F453-4202-A2B3-354980FE8089}"
EndProject
Project("{FAE04EC0-301F-11D3-BF4B-00C04F79EFBC}") = "Sales.Common", "Sales.Common\Sales.Common.csproj", "{6CD1F44B-9B47-43D8-95EE-53393AA607BE}"
EndProject
Global
	GlobalSection(SolutionConfigurationPlatforms) = preSolution
		Ad-Hoc|Any CPU = Ad-Hoc|Any CPU
		Ad-Hoc|ARM = Ad-Hoc|ARM
		Ad-Hoc|iPhone = Ad-Hoc|iPhone
		Ad-Hoc|iPhoneSimulator = Ad-Hoc|iPhoneSimulator
		Ad-Hoc|x64 = Ad-Hoc|x64
		Ad-Hoc|x86 = Ad-Hoc|x86
		AppStore|Any CPU = AppStore|Any CPU
		AppStore|ARM = AppStore|ARM
		AppStore|iPhone = AppStore|iPhone
		AppStore|iPhoneSimulator = AppStore|iPhoneSimulator
		AppStore|x64 = AppStore|x64
		AppStore|x86 = AppStore|x86
		Debug|Any CPU = Debug|Any CPU
		Debug|ARM = Debug|ARM
		Debug|iPhone = Debug|iPhone
		Debug|iPhoneSimulator = Debug|iPhoneSimulator
		Debug|x64 = Debug|x64
		Debug|x86 = Debug|x86
		Release|Any CPU = Release|Any CPU
		Release|ARM = Release|ARM
		Release|iPhone = Release|iPhone
		Release|iPhoneSimulator = Release|iPhoneSimulator
		Release|x64 = Release|x64
		Release|x86 = Release|x86
	EndGlobalSection
	GlobalSection(ProjectConfigurationPlatforms) = postSolution
		{E92D5B39-1539-4782-97B0-901C8B14D7F5}.Ad-Hoc|Any CPU.ActiveCfg = Release|Any CPU
		{E92D5B39-1539-4782-97B0-901C8B14D7F5}.Ad-Hoc|Any CPU.Build.0 = Release|Any CPU
		{E92D5B39-1539-4782-97B0-901C8B14D7F5}.Ad-Hoc|Any CPU.Deploy.0 = Release|Any CPU
		{E92D5B39-1539-4782-97B0-901C8B14D7F5}.Ad-Hoc|ARM.ActiveCfg = Release|Any CPU
		{E92D5B39-1539-4782-97B0-901C8B14D7F5}.Ad-Hoc|ARM.Build.0 = Release|Any CPU
		{E92D5B39-1539-4782-97B0-901C8B14D7F5}.Ad-Hoc|ARM.Deploy.0 = Release|Any CPU
		{E92D5B39-1539-4782-97B0-901C8B14D7F5}.Ad-Hoc|iPhone.ActiveCfg = Release|Any CPU
		{E92D5B39-1539-4782-97B0-901C8B14D7F5}.Ad-Hoc|iPhone.Build.0 = Release|Any CPU
		{E92D5B39-1539-4782-97B0-901C8B14D7F5}.Ad-Hoc|iPhone.Deploy.0 = Release|Any CPU
		{E92D5B39-1539-4782-97B0-901C8B14D7F5}.Ad-Hoc|iPhoneSimulator.ActiveCfg = Release|Any CPU
		{E92D5B39-1539-4782-97B0-901C8B14D7F5}.Ad-Hoc|iPhoneSimulator.Build.0 = Release|Any CPU
		{E92D5B39-1539-4782-97B0-901C8B14D7F5}.Ad-Hoc|iPhoneSimulator.Deploy.0 = Release|Any CPU
		{E92D5B39-1539-4782-97B0-901C8B14D7F5}.Ad-Hoc|x64.ActiveCfg = Release|Any CPU
		{E92D5B39-1539-4782-97B0-901C8B14D7F5}.Ad-Hoc|x64.Build.0 = Release|Any CPU
		{E92D5B39-1539-4782-97B0-901C8B14D7F5}.Ad-Hoc|x64.Deploy.0 = Release|Any CPU
		{E92D5B39-1539-4782-97B0-901C8B14D7F5}.Ad-Hoc|x86.ActiveCfg = Release|Any CPU
		{E92D5B39-1539-4782-97B0-901C8B14D7F5}.Ad-Hoc|x86.Build.0 = Release|Any CPU
		{E92D5B39-1539-4782-97B0-901C8B14D7F5}.Ad-Hoc|x86.Deploy.0 = Release|Any CPU
		{E92D5B39-1539-4782-97B0-901C8B14D7F5}.AppStore|Any CPU.ActiveCfg = Release|Any CPU
		{E92D5B39-1539-4782-97B0-901C8B14D7F5}.AppStore|Any CPU.Build.0 = Release|Any CPU
		{E92D5B39-1539-4782-97B0-901C8B14D7F5}.AppStore|Any CPU.Deploy.0 = Release|Any CPU
		{E92D5B39-1539-4782-97B0-901C8B14D7F5}.AppStore|ARM.ActiveCfg = Release|Any CPU
		{E92D5B39-1539-4782-97B0-901C8B14D7F5}.AppStore|ARM.Build.0 = Release|Any CPU
		{E92D5B39-1539-4782-97B0-901C8B14D7F5}.AppStore|ARM.Deploy.0 = Release|Any CPU
		{E92D5B39-1539-4782-97B0-901C8B14D7F5}.AppStore|iPhone.ActiveCfg = Release|Any CPU
		{E92D5B39-1539-4782-97B0-901C8B14D7F5}.AppStore|iPhone.Build.0 = Release|Any CPU
		{E92D5B39-1539-4782-97B0-901C8B14D7F5}.AppStore|iPhone.Deploy.0 = Release|Any CPU
		{E92D5B39-1539-4782-97B0-901C8B14D7F5}.AppStore|iPhoneSimulator.ActiveCfg = Release|Any CPU
		{E92D5B39-1539-4782-97B0-901C8B14D7F5}.AppStore|iPhoneSimulator.Build.0 = Release|Any CPU
		{E92D5B39-1539-4782-97B0-901C8B14D7F5}.AppStore|iPhoneSimulator.Deploy.0 = Release|Any CPU
		{E92D5B39-1539-4782-97B0-901C8B14D7F5}.AppStore|x64.ActiveCfg = Release|Any CPU
		{E92D5B39-1539-4782-97B0-901C8B14D7F5}.AppStore|x64.Build.0 = Release|Any CPU
		{E92D5B39-1539-4782-97B0-901C8B14D7F5}.AppStore|x64.Deploy.0 = Release|Any CPU
		{E92D5B39-1539-4782-97B0-901C8B14D7F5}.AppStore|x86.ActiveCfg = Release|Any CPU
		{E92D5B39-1539-4782-97B0-901C8B14D7F5}.AppStore|x86.Build.0 = Release|Any CPU
		{E92D5B39-1539-4782-97B0-901C8B14D7F5}.AppStore|x86.Deploy.0 = Release|Any CPU
		{E92D5B39-1539-4782-97B0-901C8B14D7F5}.Debug|Any CPU.ActiveCfg = Debug|Any CPU
		{E92D5B39-1539-4782-97B0-901C8B14D7F5}.Debug|Any CPU.Build.0 = Debug|Any CPU
		{E92D5B39-1539-4782-97B0-901C8B14D7F5}.Debug|Any CPU.Deploy.0 = Debug|Any CPU
		{E92D5B39-1539-4782-97B0-901C8B14D7F5}.Debug|ARM.ActiveCfg = Debug|Any CPU
		{E92D5B39-1539-4782-97B0-901C8B14D7F5}.Debug|ARM.Build.0 = Debug|Any CPU
		{E92D5B39-1539-4782-97B0-901C8B14D7F5}.Debug|ARM.Deploy.0 = Debug|Any CPU
		{E92D5B39-1539-4782-97B0-901C8B14D7F5}.Debug|iPhone.ActiveCfg = Debug|Any CPU
		{E92D5B39-1539-4782-97B0-901C8B14D7F5}.Debug|iPhone.Build.0 = Debug|Any CPU
		{E92D5B39-1539-4782-97B0-901C8B14D7F5}.Debug|iPhone.Deploy.0 = Debug|Any CPU
		{E92D5B39-1539-4782-97B0-901C8B14D7F5}.Debug|iPhoneSimulator.ActiveCfg = Debug|Any CPU
		{E92D5B39-1539-4782-97B0-901C8B14D7F5}.Debug|iPhoneSimulator.Build.0 = Debug|Any CPU
		{E92D5B39-1539-4782-97B0-901C8B14D7F5}.Debug|iPhoneSimulator.Deploy.0 = Debug|Any CPU
		{E92D5B39-1539-4782-97B0-901C8B14D7F5}.Debug|x64.ActiveCfg = Debug|Any CPU
		{E92D5B39-1539-4782-97B0-901C8B14D7F5}.Debug|x64.Build.0 = Debug|Any CPU
		{E92D5B39-1539-4782-97B0-901C8B14D7F5}.Debug|x64.Deploy.0 = Debug|Any CPU
		{E92D5B39-1539-4782-97B0-901C8B14D7F5}.Debug|x86.ActiveCfg = Debug|Any CPU
		{E92D5B39-1539-4782-97B0-901C8B14D7F5}.Debug|x86.Build.0 = Debug|Any CPU
		{E92D5B39-1539-4782-97B0-901C8B14D7F5}.Debug|x86.Deploy.0 = Debug|Any CPU
		{E92D5B39-1539-4782-97B0-901C8B14D7F5}.Release|Any CPU.ActiveCfg = Release|Any CPU
		{E92D5B39-1539-4782-97B0-901C8B14D7F5}.Release|Any CPU.Build.0 = Release|Any CPU
		{E92D5B39-1539-4782-97B0-901C8B14D7F5}.Release|Any CPU.Deploy.0 = Release|Any CPU
		{E92D5B39-1539-4782-97B0-901C8B14D7F5}.Release|ARM.ActiveCfg = Release|Any CPU
		{E92D5B39-1539-4782-97B0-901C8B14D7F5}.Release|ARM.Build.0 = Release|Any CPU
		{E92D5B39-1539-4782-97B0-901C8B14D7F5}.Release|ARM.Deploy.0 = Release|Any CPU
		{E92D5B39-1539-4782-97B0-901C8B14D7F5}.Release|iPhone.ActiveCfg = Release|Any CPU
		{E92D5B39-1539-4782-97B0-901C8B14D7F5}.Release|iPhone.Build.0 = Release|Any CPU
		{E92D5B39-1539-4782-97B0-901C8B14D7F5}.Release|iPhone.Deploy.0 = Release|Any CPU
		{E92D5B39-1539-4782-97B0-901C8B14D7F5}.Release|iPhoneSimulator.ActiveCfg = Release|Any CPU
		{E92D5B39-1539-4782-97B0-901C8B14D7F5}.Release|iPhoneSimulator.Build.0 = Release|Any CPU
		{E92D5B39-1539-4782-97B0-901C8B14D7F5}.Release|iPhoneSimulator.Deploy.0 = Release|Any CPU
		{E92D5B39-1539-4782-97B0-901C8B14D7F5}.Release|x64.ActiveCfg = Release|Any CPU
		{E92D5B39-1539-4782-97B0-901C8B14D7F5}.Release|x64.Build.0 = Release|Any CPU
		{E92D5B39-1539-4782-97B0-901C8B14D7F5}.Release|x64.Deploy.0 = Release|Any CPU
		{E92D5B39-1539-4782-97B0-901C8B14D7F5}.Release|x86.ActiveCfg = Release|Any CPU
		{E92D5B39-1539-4782-97B0-901C8B14D7F5}.Release|x86.Build.0 = Release|Any CPU
		{E92D5B39-1539-4782-97B0-901C8B14D7F5}.Release|x86.Deploy.0 = Release|Any CPU
		{9B0B7C99-A8D4-484E-8F89-F19922C7AA07}.Ad-Hoc|Any CPU.ActiveCfg = Ad-Hoc|iPhone
		{9B0B7C99-A8D4-484E-8F89-F19922C7AA07}.Ad-Hoc|Any CPU.Build.0 = Ad-Hoc|iPhone
		{9B0B7C99-A8D4-484E-8F89-F19922C7AA07}.Ad-Hoc|Any CPU.Deploy.0 = Ad-Hoc|iPhone
		{9B0B7C99-A8D4-484E-8F89-F19922C7AA07}.Ad-Hoc|ARM.ActiveCfg = Ad-Hoc|iPhone
		{9B0B7C99-A8D4-484E-8F89-F19922C7AA07}.Ad-Hoc|ARM.Build.0 = Ad-Hoc|iPhone
		{9B0B7C99-A8D4-484E-8F89-F19922C7AA07}.Ad-Hoc|ARM.Deploy.0 = Ad-Hoc|iPhone
		{9B0B7C99-A8D4-484E-8F89-F19922C7AA07}.Ad-Hoc|iPhone.ActiveCfg = Ad-Hoc|iPhone
		{9B0B7C99-A8D4-484E-8F89-F19922C7AA07}.Ad-Hoc|iPhone.Build.0 = Ad-Hoc|iPhone
		{9B0B7C99-A8D4-484E-8F89-F19922C7AA07}.Ad-Hoc|iPhone.Deploy.0 = Ad-Hoc|iPhone
		{9B0B7C99-A8D4-484E-8F89-F19922C7AA07}.Ad-Hoc|iPhoneSimulator.ActiveCfg = Ad-Hoc|iPhoneSimulator
		{9B0B7C99-A8D4-484E-8F89-F19922C7AA07}.Ad-Hoc|iPhoneSimulator.Build.0 = Ad-Hoc|iPhoneSimulator
		{9B0B7C99-A8D4-484E-8F89-F19922C7AA07}.Ad-Hoc|iPhoneSimulator.Deploy.0 = Ad-Hoc|iPhoneSimulator
		{9B0B7C99-A8D4-484E-8F89-F19922C7AA07}.Ad-Hoc|x64.ActiveCfg = Ad-Hoc|iPhone
		{9B0B7C99-A8D4-484E-8F89-F19922C7AA07}.Ad-Hoc|x64.Build.0 = Ad-Hoc|iPhone
		{9B0B7C99-A8D4-484E-8F89-F19922C7AA07}.Ad-Hoc|x64.Deploy.0 = Ad-Hoc|iPhone
		{9B0B7C99-A8D4-484E-8F89-F19922C7AA07}.Ad-Hoc|x86.ActiveCfg = Ad-Hoc|iPhone
		{9B0B7C99-A8D4-484E-8F89-F19922C7AA07}.Ad-Hoc|x86.Build.0 = Ad-Hoc|iPhone
		{9B0B7C99-A8D4-484E-8F89-F19922C7AA07}.Ad-Hoc|x86.Deploy.0 = Ad-Hoc|iPhone
		{9B0B7C99-A8D4-484E-8F89-F19922C7AA07}.AppStore|Any CPU.ActiveCfg = AppStore|iPhone
		{9B0B7C99-A8D4-484E-8F89-F19922C7AA07}.AppStore|Any CPU.Build.0 = AppStore|iPhone
		{9B0B7C99-A8D4-484E-8F89-F19922C7AA07}.AppStore|Any CPU.Deploy.0 = AppStore|iPhone
		{9B0B7C99-A8D4-484E-8F89-F19922C7AA07}.AppStore|ARM.ActiveCfg = AppStore|iPhone
		{9B0B7C99-A8D4-484E-8F89-F19922C7AA07}.AppStore|ARM.Build.0 = AppStore|iPhone
		{9B0B7C99-A8D4-484E-8F89-F19922C7AA07}.AppStore|ARM.Deploy.0 = AppStore|iPhone
		{9B0B7C99-A8D4-484E-8F89-F19922C7AA07}.AppStore|iPhone.ActiveCfg = AppStore|iPhone
		{9B0B7C99-A8D4-484E-8F89-F19922C7AA07}.AppStore|iPhone.Build.0 = AppStore|iPhone
		{9B0B7C99-A8D4-484E-8F89-F19922C7AA07}.AppStore|iPhone.Deploy.0 = AppStore|iPhone
		{9B0B7C99-A8D4-484E-8F89-F19922C7AA07}.AppStore|iPhoneSimulator.ActiveCfg = AppStore|iPhoneSimulator
		{9B0B7C99-A8D4-484E-8F89-F19922C7AA07}.AppStore|iPhoneSimulator.Build.0 = AppStore|iPhoneSimulator
		{9B0B7C99-A8D4-484E-8F89-F19922C7AA07}.AppStore|iPhoneSimulator.Deploy.0 = AppStore|iPhoneSimulator
		{9B0B7C99-A8D4-484E-8F89-F19922C7AA07}.AppStore|x64.ActiveCfg = AppStore|iPhone
		{9B0B7C99-A8D4-484E-8F89-F19922C7AA07}.AppStore|x64.Build.0 = AppStore|iPhone
		{9B0B7C99-A8D4-484E-8F89-F19922C7AA07}.AppStore|x64.Deploy.0 = AppStore|iPhone
		{9B0B7C99-A8D4-484E-8F89-F19922C7AA07}.AppStore|x86.ActiveCfg = AppStore|iPhone
		{9B0B7C99-A8D4-484E-8F89-F19922C7AA07}.AppStore|x86.Build.0 = AppStore|iPhone
		{9B0B7C99-A8D4-484E-8F89-F19922C7AA07}.AppStore|x86.Deploy.0 = AppStore|iPhone
		{9B0B7C99-A8D4-484E-8F89-F19922C7AA07}.Debug|Any CPU.ActiveCfg = Debug|iPhoneSimulator
		{9B0B7C99-A8D4-484E-8F89-F19922C7AA07}.Debug|Any CPU.Build.0 = Debug|iPhoneSimulator
		{9B0B7C99-A8D4-484E-8F89-F19922C7AA07}.Debug|Any CPU.Deploy.0 = Debug|iPhoneSimulator
		{9B0B7C99-A8D4-484E-8F89-F19922C7AA07}.Debug|ARM.ActiveCfg = Debug|iPhone
		{9B0B7C99-A8D4-484E-8F89-F19922C7AA07}.Debug|ARM.Build.0 = Debug|iPhone
		{9B0B7C99-A8D4-484E-8F89-F19922C7AA07}.Debug|ARM.Deploy.0 = Debug|iPhone
		{9B0B7C99-A8D4-484E-8F89-F19922C7AA07}.Debug|iPhone.ActiveCfg = Debug|iPhone
		{9B0B7C99-A8D4-484E-8F89-F19922C7AA07}.Debug|iPhone.Build.0 = Debug|iPhone
		{9B0B7C99-A8D4-484E-8F89-F19922C7AA07}.Debug|iPhone.Deploy.0 = Debug|iPhone
		{9B0B7C99-A8D4-484E-8F89-F19922C7AA07}.Debug|iPhoneSimulator.ActiveCfg = Debug|iPhoneSimulator
		{9B0B7C99-A8D4-484E-8F89-F19922C7AA07}.Debug|iPhoneSimulator.Build.0 = Debug|iPhoneSimulator
		{9B0B7C99-A8D4-484E-8F89-F19922C7AA07}.Debug|iPhoneSimulator.Deploy.0 = Debug|iPhoneSimulator
		{9B0B7C99-A8D4-484E-8F89-F19922C7AA07}.Debug|x64.ActiveCfg = Debug|iPhone
		{9B0B7C99-A8D4-484E-8F89-F19922C7AA07}.Debug|x64.Build.0 = Debug|iPhone
		{9B0B7C99-A8D4-484E-8F89-F19922C7AA07}.Debug|x64.Deploy.0 = Debug|iPhone
		{9B0B7C99-A8D4-484E-8F89-F19922C7AA07}.Debug|x86.ActiveCfg = Debug|iPhone
		{9B0B7C99-A8D4-484E-8F89-F19922C7AA07}.Debug|x86.Build.0 = Debug|iPhone
		{9B0B7C99-A8D4-484E-8F89-F19922C7AA07}.Debug|x86.Deploy.0 = Debug|iPhone
		{9B0B7C99-A8D4-484E-8F89-F19922C7AA07}.Release|Any CPU.ActiveCfg = Release|iPhone
		{9B0B7C99-A8D4-484E-8F89-F19922C7AA07}.Release|Any CPU.Build.0 = Release|iPhone
		{9B0B7C99-A8D4-484E-8F89-F19922C7AA07}.Release|Any CPU.Deploy.0 = Release|iPhone
		{9B0B7C99-A8D4-484E-8F89-F19922C7AA07}.Release|ARM.ActiveCfg = Release|iPhone
		{9B0B7C99-A8D4-484E-8F89-F19922C7AA07}.Release|ARM.Build.0 = Release|iPhone
		{9B0B7C99-A8D4-484E-8F89-F19922C7AA07}.Release|ARM.Deploy.0 = Release|iPhone
		{9B0B7C99-A8D4-484E-8F89-F19922C7AA07}.Release|iPhone.ActiveCfg = Release|iPhone
		{9B0B7C99-A8D4-484E-8F89-F19922C7AA07}.Release|iPhone.Build.0 = Release|iPhone
		{9B0B7C99-A8D4-484E-8F89-F19922C7AA07}.Release|iPhone.Deploy.0 = Release|iPhone
		{9B0B7C99-A8D4-484E-8F89-F19922C7AA07}.Release|iPhoneSimulator.ActiveCfg = Release|iPhoneSimulator
		{9B0B7C99-A8D4-484E-8F89-F19922C7AA07}.Release|iPhoneSimulator.Build.0 = Release|iPhoneSimulator
		{9B0B7C99-A8D4-484E-8F89-F19922C7AA07}.Release|iPhoneSimulator.Deploy.0 = Release|iPhoneSimulator
		{9B0B7C99-A8D4-484E-8F89-F19922C7AA07}.Release|x64.ActiveCfg = Release|iPhone
		{9B0B7C99-A8D4-484E-8F89-F19922C7AA07}.Release|x64.Build.0 = Release|iPhone
		{9B0B7C99-A8D4-484E-8F89-F19922C7AA07}.Release|x64.Deploy.0 = Release|iPhone
		{9B0B7C99-A8D4-484E-8F89-F19922C7AA07}.Release|x86.ActiveCfg = Release|iPhone
		{9B0B7C99-A8D4-484E-8F89-F19922C7AA07}.Release|x86.Build.0 = Release|iPhone
		{9B0B7C99-A8D4-484E-8F89-F19922C7AA07}.Release|x86.Deploy.0 = Release|iPhone
		{6378EB6C-A601-492D-AB29-68EBA097BD84}.Ad-Hoc|Any CPU.ActiveCfg = Release|x86
		{6378EB6C-A601-492D-AB29-68EBA097BD84}.Ad-Hoc|Any CPU.Build.0 = Release|x86
		{6378EB6C-A601-492D-AB29-68EBA097BD84}.Ad-Hoc|Any CPU.Deploy.0 = Release|x86
		{6378EB6C-A601-492D-AB29-68EBA097BD84}.Ad-Hoc|ARM.ActiveCfg = Release|ARM
		{6378EB6C-A601-492D-AB29-68EBA097BD84}.Ad-Hoc|ARM.Build.0 = Release|ARM
		{6378EB6C-A601-492D-AB29-68EBA097BD84}.Ad-Hoc|ARM.Deploy.0 = Release|ARM
		{6378EB6C-A601-492D-AB29-68EBA097BD84}.Ad-Hoc|iPhone.ActiveCfg = Release|x86
		{6378EB6C-A601-492D-AB29-68EBA097BD84}.Ad-Hoc|iPhone.Build.0 = Release|x86
		{6378EB6C-A601-492D-AB29-68EBA097BD84}.Ad-Hoc|iPhone.Deploy.0 = Release|x86
		{6378EB6C-A601-492D-AB29-68EBA097BD84}.Ad-Hoc|iPhoneSimulator.ActiveCfg = Release|x86
		{6378EB6C-A601-492D-AB29-68EBA097BD84}.Ad-Hoc|iPhoneSimulator.Build.0 = Release|x86
		{6378EB6C-A601-492D-AB29-68EBA097BD84}.Ad-Hoc|iPhoneSimulator.Deploy.0 = Release|x86
		{6378EB6C-A601-492D-AB29-68EBA097BD84}.Ad-Hoc|x64.ActiveCfg = Release|x64
		{6378EB6C-A601-492D-AB29-68EBA097BD84}.Ad-Hoc|x64.Build.0 = Release|x64
		{6378EB6C-A601-492D-AB29-68EBA097BD84}.Ad-Hoc|x64.Deploy.0 = Release|x64
		{6378EB6C-A601-492D-AB29-68EBA097BD84}.Ad-Hoc|x86.ActiveCfg = Release|x86
		{6378EB6C-A601-492D-AB29-68EBA097BD84}.Ad-Hoc|x86.Build.0 = Release|x86
		{6378EB6C-A601-492D-AB29-68EBA097BD84}.Ad-Hoc|x86.Deploy.0 = Release|x86
		{6378EB6C-A601-492D-AB29-68EBA097BD84}.AppStore|Any CPU.ActiveCfg = Release|x86
		{6378EB6C-A601-492D-AB29-68EBA097BD84}.AppStore|Any CPU.Build.0 = Release|x86
		{6378EB6C-A601-492D-AB29-68EBA097BD84}.AppStore|Any CPU.Deploy.0 = Release|x86
		{6378EB6C-A601-492D-AB29-68EBA097BD84}.AppStore|ARM.ActiveCfg = Release|ARM
		{6378EB6C-A601-492D-AB29-68EBA097BD84}.AppStore|ARM.Build.0 = Release|ARM
		{6378EB6C-A601-492D-AB29-68EBA097BD84}.AppStore|ARM.Deploy.0 = Release|ARM
		{6378EB6C-A601-492D-AB29-68EBA097BD84}.AppStore|iPhone.ActiveCfg = Release|x86
		{6378EB6C-A601-492D-AB29-68EBA097BD84}.AppStore|iPhone.Build.0 = Release|x86
		{6378EB6C-A601-492D-AB29-68EBA097BD84}.AppStore|iPhone.Deploy.0 = Release|x86
		{6378EB6C-A601-492D-AB29-68EBA097BD84}.AppStore|iPhoneSimulator.ActiveCfg = Release|x86
		{6378EB6C-A601-492D-AB29-68EBA097BD84}.AppStore|iPhoneSimulator.Build.0 = Release|x86
		{6378EB6C-A601-492D-AB29-68EBA097BD84}.AppStore|iPhoneSimulator.Deploy.0 = Release|x86
		{6378EB6C-A601-492D-AB29-68EBA097BD84}.AppStore|x64.ActiveCfg = Release|x64
		{6378EB6C-A601-492D-AB29-68EBA097BD84}.AppStore|x64.Build.0 = Release|x64
		{6378EB6C-A601-492D-AB29-68EBA097BD84}.AppStore|x64.Deploy.0 = Release|x64
		{6378EB6C-A601-492D-AB29-68EBA097BD84}.AppStore|x86.ActiveCfg = Release|x86
		{6378EB6C-A601-492D-AB29-68EBA097BD84}.AppStore|x86.Build.0 = Release|x86
		{6378EB6C-A601-492D-AB29-68EBA097BD84}.AppStore|x86.Deploy.0 = Release|x86
		{6378EB6C-A601-492D-AB29-68EBA097BD84}.Debug|Any CPU.ActiveCfg = Debug|x86
		{6378EB6C-A601-492D-AB29-68EBA097BD84}.Debug|Any CPU.Build.0 = Debug|x86
		{6378EB6C-A601-492D-AB29-68EBA097BD84}.Debug|Any CPU.Deploy.0 = Debug|x86
		{6378EB6C-A601-492D-AB29-68EBA097BD84}.Debug|ARM.ActiveCfg = Debug|ARM
		{6378EB6C-A601-492D-AB29-68EBA097BD84}.Debug|ARM.Build.0 = Debug|ARM
		{6378EB6C-A601-492D-AB29-68EBA097BD84}.Debug|ARM.Deploy.0 = Debug|ARM
		{6378EB6C-A601-492D-AB29-68EBA097BD84}.Debug|iPhone.ActiveCfg = Debug|x86
		{6378EB6C-A601-492D-AB29-68EBA097BD84}.Debug|iPhone.Build.0 = Debug|x86
		{6378EB6C-A601-492D-AB29-68EBA097BD84}.Debug|iPhone.Deploy.0 = Debug|x86
		{6378EB6C-A601-492D-AB29-68EBA097BD84}.Debug|iPhoneSimulator.ActiveCfg = Debug|x86
		{6378EB6C-A601-492D-AB29-68EBA097BD84}.Debug|iPhoneSimulator.Build.0 = Debug|x86
		{6378EB6C-A601-492D-AB29-68EBA097BD84}.Debug|iPhoneSimulator.Deploy.0 = Debug|x86
		{6378EB6C-A601-492D-AB29-68EBA097BD84}.Debug|x64.ActiveCfg = Debug|x64
		{6378EB6C-A601-492D-AB29-68EBA097BD84}.Debug|x64.Build.0 = Debug|x64
		{6378EB6C-A601-492D-AB29-68EBA097BD84}.Debug|x64.Deploy.0 = Debug|x64
		{6378EB6C-A601-492D-AB29-68EBA097BD84}.Debug|x86.ActiveCfg = Debug|x86
		{6378EB6C-A601-492D-AB29-68EBA097BD84}.Debug|x86.Build.0 = Debug|x86
		{6378EB6C-A601-492D-AB29-68EBA097BD84}.Debug|x86.Deploy.0 = Debug|x86
		{6378EB6C-A601-492D-AB29-68EBA097BD84}.Release|Any CPU.ActiveCfg = Release|x86
		{6378EB6C-A601-492D-AB29-68EBA097BD84}.Release|Any CPU.Build.0 = Release|x86
		{6378EB6C-A601-492D-AB29-68EBA097BD84}.Release|Any CPU.Deploy.0 = Release|x86
		{6378EB6C-A601-492D-AB29-68EBA097BD84}.Release|ARM.ActiveCfg = Release|ARM
		{6378EB6C-A601-492D-AB29-68EBA097BD84}.Release|ARM.Build.0 = Release|ARM
		{6378EB6C-A601-492D-AB29-68EBA097BD84}.Release|ARM.Deploy.0 = Release|ARM
		{6378EB6C-A601-492D-AB29-68EBA097BD84}.Release|iPhone.ActiveCfg = Release|x86
		{6378EB6C-A601-492D-AB29-68EBA097BD84}.Release|iPhone.Build.0 = Release|x86
		{6378EB6C-A601-492D-AB29-68EBA097BD84}.Release|iPhone.Deploy.0 = Release|x86
		{6378EB6C-A601-492D-AB29-68EBA097BD84}.Release|iPhoneSimulator.ActiveCfg = Release|x86
		{6378EB6C-A601-492D-AB29-68EBA097BD84}.Release|iPhoneSimulator.Build.0 = Release|x86
		{6378EB6C-A601-492D-AB29-68EBA097BD84}.Release|iPhoneSimulator.Deploy.0 = Release|x86
		{6378EB6C-A601-492D-AB29-68EBA097BD84}.Release|x64.ActiveCfg = Release|x64
		{6378EB6C-A601-492D-AB29-68EBA097BD84}.Release|x64.Build.0 = Release|x64
		{6378EB6C-A601-492D-AB29-68EBA097BD84}.Release|x64.Deploy.0 = Release|x64
		{6378EB6C-A601-492D-AB29-68EBA097BD84}.Release|x86.ActiveCfg = Release|x86
		{6378EB6C-A601-492D-AB29-68EBA097BD84}.Release|x86.Build.0 = Release|x86
		{6378EB6C-A601-492D-AB29-68EBA097BD84}.Release|x86.Deploy.0 = Release|x86
		{96612BEB-D285-4A3F-86E6-94E55F8C1CED}.Ad-Hoc|Any CPU.ActiveCfg = Debug|Any CPU
		{96612BEB-D285-4A3F-86E6-94E55F8C1CED}.Ad-Hoc|Any CPU.Build.0 = Debug|Any CPU
		{96612BEB-D285-4A3F-86E6-94E55F8C1CED}.Ad-Hoc|Any CPU.Deploy.0 = Debug|Any CPU
		{96612BEB-D285-4A3F-86E6-94E55F8C1CED}.Ad-Hoc|ARM.ActiveCfg = Debug|Any CPU
		{96612BEB-D285-4A3F-86E6-94E55F8C1CED}.Ad-Hoc|ARM.Build.0 = Debug|Any CPU
		{96612BEB-D285-4A3F-86E6-94E55F8C1CED}.Ad-Hoc|ARM.Deploy.0 = Debug|Any CPU
		{96612BEB-D285-4A3F-86E6-94E55F8C1CED}.Ad-Hoc|iPhone.ActiveCfg = Debug|Any CPU
		{96612BEB-D285-4A3F-86E6-94E55F8C1CED}.Ad-Hoc|iPhone.Build.0 = Debug|Any CPU
		{96612BEB-D285-4A3F-86E6-94E55F8C1CED}.Ad-Hoc|iPhone.Deploy.0 = Debug|Any CPU
		{96612BEB-D285-4A3F-86E6-94E55F8C1CED}.Ad-Hoc|iPhoneSimulator.ActiveCfg = Debug|Any CPU
		{96612BEB-D285-4A3F-86E6-94E55F8C1CED}.Ad-Hoc|iPhoneSimulator.Build.0 = Debug|Any CPU
		{96612BEB-D285-4A3F-86E6-94E55F8C1CED}.Ad-Hoc|iPhoneSimulator.Deploy.0 = Debug|Any CPU
		{96612BEB-D285-4A3F-86E6-94E55F8C1CED}.Ad-Hoc|x64.ActiveCfg = Debug|Any CPU
		{96612BEB-D285-4A3F-86E6-94E55F8C1CED}.Ad-Hoc|x64.Build.0 = Debug|Any CPU
		{96612BEB-D285-4A3F-86E6-94E55F8C1CED}.Ad-Hoc|x64.Deploy.0 = Debug|Any CPU
		{96612BEB-D285-4A3F-86E6-94E55F8C1CED}.Ad-Hoc|x86.ActiveCfg = Debug|Any CPU
		{96612BEB-D285-4A3F-86E6-94E55F8C1CED}.Ad-Hoc|x86.Build.0 = Debug|Any CPU
		{96612BEB-D285-4A3F-86E6-94E55F8C1CED}.Ad-Hoc|x86.Deploy.0 = Debug|Any CPU
		{96612BEB-D285-4A3F-86E6-94E55F8C1CED}.AppStore|Any CPU.ActiveCfg = Debug|Any CPU
		{96612BEB-D285-4A3F-86E6-94E55F8C1CED}.AppStore|Any CPU.Build.0 = Debug|Any CPU
		{96612BEB-D285-4A3F-86E6-94E55F8C1CED}.AppStore|Any CPU.Deploy.0 = Debug|Any CPU
		{96612BEB-D285-4A3F-86E6-94E55F8C1CED}.AppStore|ARM.ActiveCfg = Debug|Any CPU
		{96612BEB-D285-4A3F-86E6-94E55F8C1CED}.AppStore|ARM.Build.0 = Debug|Any CPU
		{96612BEB-D285-4A3F-86E6-94E55F8C1CED}.AppStore|ARM.Deploy.0 = Debug|Any CPU
		{96612BEB-D285-4A3F-86E6-94E55F8C1CED}.AppStore|iPhone.ActiveCfg = Debug|Any CPU
		{96612BEB-D285-4A3F-86E6-94E55F8C1CED}.AppStore|iPhone.Build.0 = Debug|Any CPU
		{96612BEB-D285-4A3F-86E6-94E55F8C1CED}.AppStore|iPhone.Deploy.0 = Debug|Any CPU
		{96612BEB-D285-4A3F-86E6-94E55F8C1CED}.AppStore|iPhoneSimulator.ActiveCfg = Debug|Any CPU
		{96612BEB-D285-4A3F-86E6-94E55F8C1CED}.AppStore|iPhoneSimulator.Build.0 = Debug|Any CPU
		{96612BEB-D285-4A3F-86E6-94E55F8C1CED}.AppStore|iPhoneSimulator.Deploy.0 = Debug|Any CPU
		{96612BEB-D285-4A3F-86E6-94E55F8C1CED}.AppStore|x64.ActiveCfg = Debug|Any CPU
		{96612BEB-D285-4A3F-86E6-94E55F8C1CED}.AppStore|x64.Build.0 = Debug|Any CPU
		{96612BEB-D285-4A3F-86E6-94E55F8C1CED}.AppStore|x64.Deploy.0 = Debug|Any CPU
		{96612BEB-D285-4A3F-86E6-94E55F8C1CED}.AppStore|x86.ActiveCfg = Debug|Any CPU
		{96612BEB-D285-4A3F-86E6-94E55F8C1CED}.AppStore|x86.Build.0 = Debug|Any CPU
		{96612BEB-D285-4A3F-86E6-94E55F8C1CED}.AppStore|x86.Deploy.0 = Debug|Any CPU
		{96612BEB-D285-4A3F-86E6-94E55F8C1CED}.Debug|Any CPU.ActiveCfg = Debug|Any CPU
		{96612BEB-D285-4A3F-86E6-94E55F8C1CED}.Debug|Any CPU.Build.0 = Debug|Any CPU
		{96612BEB-D285-4A3F-86E6-94E55F8C1CED}.Debug|Any CPU.Deploy.0 = Debug|Any CPU
		{96612BEB-D285-4A3F-86E6-94E55F8C1CED}.Debug|ARM.ActiveCfg = Debug|Any CPU
		{96612BEB-D285-4A3F-86E6-94E55F8C1CED}.Debug|ARM.Build.0 = Debug|Any CPU
		{96612BEB-D285-4A3F-86E6-94E55F8C1CED}.Debug|ARM.Deploy.0 = Debug|Any CPU
		{96612BEB-D285-4A3F-86E6-94E55F8C1CED}.Debug|iPhone.ActiveCfg = Debug|Any CPU
		{96612BEB-D285-4A3F-86E6-94E55F8C1CED}.Debug|iPhone.Build.0 = Debug|Any CPU
		{96612BEB-D285-4A3F-86E6-94E55F8C1CED}.Debug|iPhone.Deploy.0 = Debug|Any CPU
		{96612BEB-D285-4A3F-86E6-94E55F8C1CED}.Debug|iPhoneSimulator.ActiveCfg = Debug|Any CPU
		{96612BEB-D285-4A3F-86E6-94E55F8C1CED}.Debug|iPhoneSimulator.Build.0 = Debug|Any CPU
		{96612BEB-D285-4A3F-86E6-94E55F8C1CED}.Debug|iPhoneSimulator.Deploy.0 = Debug|Any CPU
		{96612BEB-D285-4A3F-86E6-94E55F8C1CED}.Debug|x64.ActiveCfg = Debug|Any CPU
		{96612BEB-D285-4A3F-86E6-94E55F8C1CED}.Debug|x64.Build.0 = Debug|Any CPU
		{96612BEB-D285-4A3F-86E6-94E55F8C1CED}.Debug|x64.Deploy.0 = Debug|Any CPU
		{96612BEB-D285-4A3F-86E6-94E55F8C1CED}.Debug|x86.ActiveCfg = Debug|Any CPU
		{96612BEB-D285-4A3F-86E6-94E55F8C1CED}.Debug|x86.Build.0 = Debug|Any CPU
		{96612BEB-D285-4A3F-86E6-94E55F8C1CED}.Debug|x86.Deploy.0 = Debug|Any CPU
		{96612BEB-D285-4A3F-86E6-94E55F8C1CED}.Release|Any CPU.ActiveCfg = Release|Any CPU
		{96612BEB-D285-4A3F-86E6-94E55F8C1CED}.Release|Any CPU.Build.0 = Release|Any CPU
		{96612BEB-D285-4A3F-86E6-94E55F8C1CED}.Release|Any CPU.Deploy.0 = Release|Any CPU
		{96612BEB-D285-4A3F-86E6-94E55F8C1CED}.Release|ARM.ActiveCfg = Release|Any CPU
		{96612BEB-D285-4A3F-86E6-94E55F8C1CED}.Release|ARM.Build.0 = Release|Any CPU
		{96612BEB-D285-4A3F-86E6-94E55F8C1CED}.Release|ARM.Deploy.0 = Release|Any CPU
		{96612BEB-D285-4A3F-86E6-94E55F8C1CED}.Release|iPhone.ActiveCfg = Release|Any CPU
		{96612BEB-D285-4A3F-86E6-94E55F8C1CED}.Release|iPhone.Build.0 = Release|Any CPU
		{96612BEB-D285-4A3F-86E6-94E55F8C1CED}.Release|iPhone.Deploy.0 = Release|Any CPU
		{96612BEB-D285-4A3F-86E6-94E55F8C1CED}.Release|iPhoneSimulator.ActiveCfg = Release|Any CPU
		{96612BEB-D285-4A3F-86E6-94E55F8C1CED}.Release|iPhoneSimulator.Build.0 = Release|Any CPU
		{96612BEB-D285-4A3F-86E6-94E55F8C1CED}.Release|iPhoneSimulator.Deploy.0 = Release|Any CPU
		{96612BEB-D285-4A3F-86E6-94E55F8C1CED}.Release|x64.ActiveCfg = Release|Any CPU
		{96612BEB-D285-4A3F-86E6-94E55F8C1CED}.Release|x64.Build.0 = Release|Any CPU
		{96612BEB-D285-4A3F-86E6-94E55F8C1CED}.Release|x64.Deploy.0 = Release|Any CPU
		{96612BEB-D285-4A3F-86E6-94E55F8C1CED}.Release|x86.ActiveCfg = Release|Any CPU
		{96612BEB-D285-4A3F-86E6-94E55F8C1CED}.Release|x86.Build.0 = Release|Any CPU
		{96612BEB-D285-4A3F-86E6-94E55F8C1CED}.Release|x86.Deploy.0 = Release|Any CPU
		{21B0173C-DBE4-43A4-812B-773D665591DC}.Ad-Hoc|Any CPU.ActiveCfg = Release|Any CPU
		{21B0173C-DBE4-43A4-812B-773D665591DC}.Ad-Hoc|Any CPU.Build.0 = Release|Any CPU
		{21B0173C-DBE4-43A4-812B-773D665591DC}.Ad-Hoc|ARM.ActiveCfg = Release|Any CPU
		{21B0173C-DBE4-43A4-812B-773D665591DC}.Ad-Hoc|ARM.Build.0 = Release|Any CPU
		{21B0173C-DBE4-43A4-812B-773D665591DC}.Ad-Hoc|iPhone.ActiveCfg = Release|Any CPU
		{21B0173C-DBE4-43A4-812B-773D665591DC}.Ad-Hoc|iPhone.Build.0 = Release|Any CPU
		{21B0173C-DBE4-43A4-812B-773D665591DC}.Ad-Hoc|iPhoneSimulator.ActiveCfg = Release|Any CPU
		{21B0173C-DBE4-43A4-812B-773D665591DC}.Ad-Hoc|iPhoneSimulator.Build.0 = Release|Any CPU
		{21B0173C-DBE4-43A4-812B-773D665591DC}.Ad-Hoc|x64.ActiveCfg = Release|Any CPU
		{21B0173C-DBE4-43A4-812B-773D665591DC}.Ad-Hoc|x64.Build.0 = Release|Any CPU
		{21B0173C-DBE4-43A4-812B-773D665591DC}.Ad-Hoc|x86.ActiveCfg = Release|Any CPU
		{21B0173C-DBE4-43A4-812B-773D665591DC}.Ad-Hoc|x86.Build.0 = Release|Any CPU
		{21B0173C-DBE4-43A4-812B-773D665591DC}.AppStore|Any CPU.ActiveCfg = Release|Any CPU
		{21B0173C-DBE4-43A4-812B-773D665591DC}.AppStore|Any CPU.Build.0 = Release|Any CPU
		{21B0173C-DBE4-43A4-812B-773D665591DC}.AppStore|ARM.ActiveCfg = Release|Any CPU
		{21B0173C-DBE4-43A4-812B-773D665591DC}.AppStore|ARM.Build.0 = Release|Any CPU
		{21B0173C-DBE4-43A4-812B-773D665591DC}.AppStore|iPhone.ActiveCfg = Release|Any CPU
		{21B0173C-DBE4-43A4-812B-773D665591DC}.AppStore|iPhone.Build.0 = Release|Any CPU
		{21B0173C-DBE4-43A4-812B-773D665591DC}.AppStore|iPhoneSimulator.ActiveCfg = Release|Any CPU
		{21B0173C-DBE4-43A4-812B-773D665591DC}.AppStore|iPhoneSimulator.Build.0 = Release|Any CPU
		{21B0173C-DBE4-43A4-812B-773D665591DC}.AppStore|x64.ActiveCfg = Release|Any CPU
		{21B0173C-DBE4-43A4-812B-773D665591DC}.AppStore|x64.Build.0 = Release|Any CPU
		{21B0173C-DBE4-43A4-812B-773D665591DC}.AppStore|x86.ActiveCfg = Release|Any CPU
		{21B0173C-DBE4-43A4-812B-773D665591DC}.AppStore|x86.Build.0 = Release|Any CPU
		{21B0173C-DBE4-43A4-812B-773D665591DC}.Debug|Any CPU.ActiveCfg = Debug|Any CPU
		{21B0173C-DBE4-43A4-812B-773D665591DC}.Debug|Any CPU.Build.0 = Debug|Any CPU
		{21B0173C-DBE4-43A4-812B-773D665591DC}.Debug|ARM.ActiveCfg = Debug|Any CPU
		{21B0173C-DBE4-43A4-812B-773D665591DC}.Debug|ARM.Build.0 = Debug|Any CPU
		{21B0173C-DBE4-43A4-812B-773D665591DC}.Debug|iPhone.ActiveCfg = Debug|Any CPU
		{21B0173C-DBE4-43A4-812B-773D665591DC}.Debug|iPhone.Build.0 = Debug|Any CPU
		{21B0173C-DBE4-43A4-812B-773D665591DC}.Debug|iPhoneSimulator.ActiveCfg = Debug|Any CPU
		{21B0173C-DBE4-43A4-812B-773D665591DC}.Debug|iPhoneSimulator.Build.0 = Debug|Any CPU
		{21B0173C-DBE4-43A4-812B-773D665591DC}.Debug|x64.ActiveCfg = Debug|Any CPU
		{21B0173C-DBE4-43A4-812B-773D665591DC}.Debug|x64.Build.0 = Debug|Any CPU
		{21B0173C-DBE4-43A4-812B-773D665591DC}.Debug|x86.ActiveCfg = Debug|Any CPU
		{21B0173C-DBE4-43A4-812B-773D665591DC}.Debug|x86.Build.0 = Debug|Any CPU
		{21B0173C-DBE4-43A4-812B-773D665591DC}.Release|Any CPU.ActiveCfg = Release|Any CPU
		{21B0173C-DBE4-43A4-812B-773D665591DC}.Release|Any CPU.Build.0 = Release|Any CPU
		{21B0173C-DBE4-43A4-812B-773D665591DC}.Release|ARM.ActiveCfg = Release|Any CPU
		{21B0173C-DBE4-43A4-812B-773D665591DC}.Release|ARM.Build.0 = Release|Any CPU
		{21B0173C-DBE4-43A4-812B-773D665591DC}.Release|iPhone.ActiveCfg = Release|Any CPU
		{21B0173C-DBE4-43A4-812B-773D665591DC}.Release|iPhone.Build.0 = Release|Any CPU
		{21B0173C-DBE4-43A4-812B-773D665591DC}.Release|iPhoneSimulator.ActiveCfg = Release|Any CPU
		{21B0173C-DBE4-43A4-812B-773D665591DC}.Release|iPhoneSimulator.Build.0 = Release|Any CPU
		{21B0173C-DBE4-43A4-812B-773D665591DC}.Release|x64.ActiveCfg = Release|Any CPU
		{21B0173C-DBE4-43A4-812B-773D665591DC}.Release|x64.Build.0 = Release|Any CPU
		{21B0173C-DBE4-43A4-812B-773D665591DC}.Release|x86.ActiveCfg = Release|Any CPU
		{21B0173C-DBE4-43A4-812B-773D665591DC}.Release|x86.Build.0 = Release|Any CPU
		{D43BF89B-4F39-4401-8A84-392F97291FE9}.Ad-Hoc|Any CPU.ActiveCfg = Release|Any CPU
		{D43BF89B-4F39-4401-8A84-392F97291FE9}.Ad-Hoc|Any CPU.Build.0 = Release|Any CPU
		{D43BF89B-4F39-4401-8A84-392F97291FE9}.Ad-Hoc|ARM.ActiveCfg = Release|Any CPU
		{D43BF89B-4F39-4401-8A84-392F97291FE9}.Ad-Hoc|ARM.Build.0 = Release|Any CPU
		{D43BF89B-4F39-4401-8A84-392F97291FE9}.Ad-Hoc|iPhone.ActiveCfg = Release|Any CPU
		{D43BF89B-4F39-4401-8A84-392F97291FE9}.Ad-Hoc|iPhone.Build.0 = Release|Any CPU
		{D43BF89B-4F39-4401-8A84-392F97291FE9}.Ad-Hoc|iPhoneSimulator.ActiveCfg = Release|Any CPU
		{D43BF89B-4F39-4401-8A84-392F97291FE9}.Ad-Hoc|iPhoneSimulator.Build.0 = Release|Any CPU
		{D43BF89B-4F39-4401-8A84-392F97291FE9}.Ad-Hoc|x64.ActiveCfg = Release|Any CPU
		{D43BF89B-4F39-4401-8A84-392F97291FE9}.Ad-Hoc|x64.Build.0 = Release|Any CPU
		{D43BF89B-4F39-4401-8A84-392F97291FE9}.Ad-Hoc|x86.ActiveCfg = Release|Any CPU
		{D43BF89B-4F39-4401-8A84-392F97291FE9}.Ad-Hoc|x86.Build.0 = Release|Any CPU
		{D43BF89B-4F39-4401-8A84-392F97291FE9}.AppStore|Any CPU.ActiveCfg = Release|Any CPU
		{D43BF89B-4F39-4401-8A84-392F97291FE9}.AppStore|Any CPU.Build.0 = Release|Any CPU
		{D43BF89B-4F39-4401-8A84-392F97291FE9}.AppStore|ARM.ActiveCfg = Release|Any CPU
		{D43BF89B-4F39-4401-8A84-392F97291FE9}.AppStore|ARM.Build.0 = Release|Any CPU
		{D43BF89B-4F39-4401-8A84-392F97291FE9}.AppStore|iPhone.ActiveCfg = Release|Any CPU
		{D43BF89B-4F39-4401-8A84-392F97291FE9}.AppStore|iPhone.Build.0 = Release|Any CPU
		{D43BF89B-4F39-4401-8A84-392F97291FE9}.AppStore|iPhoneSimulator.ActiveCfg = Release|Any CPU
		{D43BF89B-4F39-4401-8A84-392F97291FE9}.AppStore|iPhoneSimulator.Build.0 = Release|Any CPU
		{D43BF89B-4F39-4401-8A84-392F97291FE9}.AppStore|x64.ActiveCfg = Release|Any CPU
		{D43BF89B-4F39-4401-8A84-392F97291FE9}.AppStore|x64.Build.0 = Release|Any CPU
		{D43BF89B-4F39-4401-8A84-392F97291FE9}.AppStore|x86.ActiveCfg = Release|Any CPU
		{D43BF89B-4F39-4401-8A84-392F97291FE9}.AppStore|x86.Build.0 = Release|Any CPU
		{D43BF89B-4F39-4401-8A84-392F97291FE9}.Debug|Any CPU.ActiveCfg = Debug|Any CPU
		{D43BF89B-4F39-4401-8A84-392F97291FE9}.Debug|Any CPU.Build.0 = Debug|Any CPU
		{D43BF89B-4F39-4401-8A84-392F97291FE9}.Debug|ARM.ActiveCfg = Debug|Any CPU
		{D43BF89B-4F39-4401-8A84-392F97291FE9}.Debug|ARM.Build.0 = Debug|Any CPU
		{D43BF89B-4F39-4401-8A84-392F97291FE9}.Debug|iPhone.ActiveCfg = Debug|Any CPU
		{D43BF89B-4F39-4401-8A84-392F97291FE9}.Debug|iPhone.Build.0 = Debug|Any CPU
		{D43BF89B-4F39-4401-8A84-392F97291FE9}.Debug|iPhoneSimulator.ActiveCfg = Debug|Any CPU
		{D43BF89B-4F39-4401-8A84-392F97291FE9}.Debug|iPhoneSimulator.Build.0 = Debug|Any CPU
		{D43BF89B-4F39-4401-8A84-392F97291FE9}.Debug|x64.ActiveCfg = Debug|Any CPU
		{D43BF89B-4F39-4401-8A84-392F97291FE9}.Debug|x64.Build.0 = Debug|Any CPU
		{D43BF89B-4F39-4401-8A84-392F97291FE9}.Debug|x86.ActiveCfg = Debug|Any CPU
		{D43BF89B-4F39-4401-8A84-392F97291FE9}.Debug|x86.Build.0 = Debug|Any CPU
		{D43BF89B-4F39-4401-8A84-392F97291FE9}.Release|Any CPU.ActiveCfg = Release|Any CPU
		{D43BF89B-4F39-4401-8A84-392F97291FE9}.Release|Any CPU.Build.0 = Release|Any CPU
		{D43BF89B-4F39-4401-8A84-392F97291FE9}.Release|ARM.ActiveCfg = Release|Any CPU
		{D43BF89B-4F39-4401-8A84-392F97291FE9}.Release|ARM.Build.0 = Release|Any CPU
		{D43BF89B-4F39-4401-8A84-392F97291FE9}.Release|iPhone.ActiveCfg = Release|Any CPU
		{D43BF89B-4F39-4401-8A84-392F97291FE9}.Release|iPhone.Build.0 = Release|Any CPU
		{D43BF89B-4F39-4401-8A84-392F97291FE9}.Release|iPhoneSimulator.ActiveCfg = Release|Any CPU
		{D43BF89B-4F39-4401-8A84-392F97291FE9}.Release|iPhoneSimulator.Build.0 = Release|Any CPU
		{D43BF89B-4F39-4401-8A84-392F97291FE9}.Release|x64.ActiveCfg = Release|Any CPU
		{D43BF89B-4F39-4401-8A84-392F97291FE9}.Release|x64.Build.0 = Release|Any CPU
		{D43BF89B-4F39-4401-8A84-392F97291FE9}.Release|x86.ActiveCfg = Release|Any CPU
		{D43BF89B-4F39-4401-8A84-392F97291FE9}.Release|x86.Build.0 = Release|Any CPU
		{2A2924BE-F453-4202-A2B3-354980FE8089}.Ad-Hoc|Any CPU.ActiveCfg = Release|Any CPU
		{2A2924BE-F453-4202-A2B3-354980FE8089}.Ad-Hoc|Any CPU.Build.0 = Release|Any CPU
		{2A2924BE-F453-4202-A2B3-354980FE8089}.Ad-Hoc|ARM.ActiveCfg = Release|Any CPU
		{2A2924BE-F453-4202-A2B3-354980FE8089}.Ad-Hoc|ARM.Build.0 = Release|Any CPU
		{2A2924BE-F453-4202-A2B3-354980FE8089}.Ad-Hoc|iPhone.ActiveCfg = Release|Any CPU
		{2A2924BE-F453-4202-A2B3-354980FE8089}.Ad-Hoc|iPhone.Build.0 = Release|Any CPU
		{2A2924BE-F453-4202-A2B3-354980FE8089}.Ad-Hoc|iPhoneSimulator.ActiveCfg = Release|Any CPU
		{2A2924BE-F453-4202-A2B3-354980FE8089}.Ad-Hoc|iPhoneSimulator.Build.0 = Release|Any CPU
		{2A2924BE-F453-4202-A2B3-354980FE8089}.Ad-Hoc|x64.ActiveCfg = Release|Any CPU
		{2A2924BE-F453-4202-A2B3-354980FE8089}.Ad-Hoc|x64.Build.0 = Release|Any CPU
		{2A2924BE-F453-4202-A2B3-354980FE8089}.Ad-Hoc|x86.ActiveCfg = Release|Any CPU
		{2A2924BE-F453-4202-A2B3-354980FE8089}.Ad-Hoc|x86.Build.0 = Release|Any CPU
		{2A2924BE-F453-4202-A2B3-354980FE8089}.AppStore|Any CPU.ActiveCfg = Release|Any CPU
		{2A2924BE-F453-4202-A2B3-354980FE8089}.AppStore|Any CPU.Build.0 = Release|Any CPU
		{2A2924BE-F453-4202-A2B3-354980FE8089}.AppStore|ARM.ActiveCfg = Release|Any CPU
		{2A2924BE-F453-4202-A2B3-354980FE8089}.AppStore|ARM.Build.0 = Release|Any CPU
		{2A2924BE-F453-4202-A2B3-354980FE8089}.AppStore|iPhone.ActiveCfg = Release|Any CPU
		{2A2924BE-F453-4202-A2B3-354980FE8089}.AppStore|iPhone.Build.0 = Release|Any CPU
		{2A2924BE-F453-4202-A2B3-354980FE8089}.AppStore|iPhoneSimulator.ActiveCfg = Release|Any CPU
		{2A2924BE-F453-4202-A2B3-354980FE8089}.AppStore|iPhoneSimulator.Build.0 = Release|Any CPU
		{2A2924BE-F453-4202-A2B3-354980FE8089}.AppStore|x64.ActiveCfg = Release|Any CPU
		{2A2924BE-F453-4202-A2B3-354980FE8089}.AppStore|x64.Build.0 = Release|Any CPU
		{2A2924BE-F453-4202-A2B3-354980FE8089}.AppStore|x86.ActiveCfg = Release|Any CPU
		{2A2924BE-F453-4202-A2B3-354980FE8089}.AppStore|x86.Build.0 = Release|Any CPU
		{2A2924BE-F453-4202-A2B3-354980FE8089}.Debug|Any CPU.ActiveCfg = Debug|Any CPU
		{2A2924BE-F453-4202-A2B3-354980FE8089}.Debug|Any CPU.Build.0 = Debug|Any CPU
		{2A2924BE-F453-4202-A2B3-354980FE8089}.Debug|ARM.ActiveCfg = Debug|Any CPU
		{2A2924BE-F453-4202-A2B3-354980FE8089}.Debug|ARM.Build.0 = Debug|Any CPU
		{2A2924BE-F453-4202-A2B3-354980FE8089}.Debug|iPhone.ActiveCfg = Debug|Any CPU
		{2A2924BE-F453-4202-A2B3-354980FE8089}.Debug|iPhone.Build.0 = Debug|Any CPU
		{2A2924BE-F453-4202-A2B3-354980FE8089}.Debug|iPhoneSimulator.ActiveCfg = Debug|Any CPU
		{2A2924BE-F453-4202-A2B3-354980FE8089}.Debug|iPhoneSimulator.Build.0 = Debug|Any CPU
		{2A2924BE-F453-4202-A2B3-354980FE8089}.Debug|x64.ActiveCfg = Debug|Any CPU
		{2A2924BE-F453-4202-A2B3-354980FE8089}.Debug|x64.Build.0 = Debug|Any CPU
		{2A2924BE-F453-4202-A2B3-354980FE8089}.Debug|x86.ActiveCfg = Debug|Any CPU
		{2A2924BE-F453-4202-A2B3-354980FE8089}.Debug|x86.Build.0 = Debug|Any CPU
		{2A2924BE-F453-4202-A2B3-354980FE8089}.Release|Any CPU.ActiveCfg = Release|Any CPU
		{2A2924BE-F453-4202-A2B3-354980FE8089}.Release|Any CPU.Build.0 = Release|Any CPU
		{2A2924BE-F453-4202-A2B3-354980FE8089}.Release|ARM.ActiveCfg = Release|Any CPU
		{2A2924BE-F453-4202-A2B3-354980FE8089}.Release|ARM.Build.0 = Release|Any CPU
		{2A2924BE-F453-4202-A2B3-354980FE8089}.Release|iPhone.ActiveCfg = Release|Any CPU
		{2A2924BE-F453-4202-A2B3-354980FE8089}.Release|iPhone.Build.0 = Release|Any CPU
		{2A2924BE-F453-4202-A2B3-354980FE8089}.Release|iPhoneSimulator.ActiveCfg = Release|Any CPU
		{2A2924BE-F453-4202-A2B3-354980FE8089}.Release|iPhoneSimulator.Build.0 = Release|Any CPU
		{2A2924BE-F453-4202-A2B3-354980FE8089}.Release|x64.ActiveCfg = Release|Any CPU
		{2A2924BE-F453-4202-A2B3-354980FE8089}.Release|x64.Build.0 = Release|Any CPU
		{2A2924BE-F453-4202-A2B3-354980FE8089}.Release|x86.ActiveCfg = Release|Any CPU
		{2A2924BE-F453-4202-A2B3-354980FE8089}.Release|x86.Build.0 = Release|Any CPU
		{6CD1F44B-9B47-43D8-95EE-53393AA607BE}.Ad-Hoc|Any CPU.ActiveCfg = Release|Any CPU
		{6CD1F44B-9B47-43D8-95EE-53393AA607BE}.Ad-Hoc|Any CPU.Build.0 = Release|Any CPU
		{6CD1F44B-9B47-43D8-95EE-53393AA607BE}.Ad-Hoc|ARM.ActiveCfg = Release|Any CPU
		{6CD1F44B-9B47-43D8-95EE-53393AA607BE}.Ad-Hoc|ARM.Build.0 = Release|Any CPU
		{6CD1F44B-9B47-43D8-95EE-53393AA607BE}.Ad-Hoc|iPhone.ActiveCfg = Release|Any CPU
		{6CD1F44B-9B47-43D8-95EE-53393AA607BE}.Ad-Hoc|iPhone.Build.0 = Release|Any CPU
		{6CD1F44B-9B47-43D8-95EE-53393AA607BE}.Ad-Hoc|iPhoneSimulator.ActiveCfg = Release|Any CPU
		{6CD1F44B-9B47-43D8-95EE-53393AA607BE}.Ad-Hoc|iPhoneSimulator.Build.0 = Release|Any CPU
		{6CD1F44B-9B47-43D8-95EE-53393AA607BE}.Ad-Hoc|x64.ActiveCfg = Release|Any CPU
		{6CD1F44B-9B47-43D8-95EE-53393AA607BE}.Ad-Hoc|x64.Build.0 = Release|Any CPU
		{6CD1F44B-9B47-43D8-95EE-53393AA607BE}.Ad-Hoc|x86.ActiveCfg = Release|Any CPU
		{6CD1F44B-9B47-43D8-95EE-53393AA607BE}.Ad-Hoc|x86.Build.0 = Release|Any CPU
		{6CD1F44B-9B47-43D8-95EE-53393AA607BE}.AppStore|Any CPU.ActiveCfg = Release|Any CPU
		{6CD1F44B-9B47-43D8-95EE-53393AA607BE}.AppStore|Any CPU.Build.0 = Release|Any CPU
		{6CD1F44B-9B47-43D8-95EE-53393AA607BE}.AppStore|ARM.ActiveCfg = Release|Any CPU
		{6CD1F44B-9B47-43D8-95EE-53393AA607BE}.AppStore|ARM.Build.0 = Release|Any CPU
		{6CD1F44B-9B47-43D8-95EE-53393AA607BE}.AppStore|iPhone.ActiveCfg = Release|Any CPU
		{6CD1F44B-9B47-43D8-95EE-53393AA607BE}.AppStore|iPhone.Build.0 = Release|Any CPU
		{6CD1F44B-9B47-43D8-95EE-53393AA607BE}.AppStore|iPhoneSimulator.ActiveCfg = Release|Any CPU
		{6CD1F44B-9B47-43D8-95EE-53393AA607BE}.AppStore|iPhoneSimulator.Build.0 = Release|Any CPU
		{6CD1F44B-9B47-43D8-95EE-53393AA607BE}.AppStore|x64.ActiveCfg = Release|Any CPU
		{6CD1F44B-9B47-43D8-95EE-53393AA607BE}.AppStore|x64.Build.0 = Release|Any CPU
		{6CD1F44B-9B47-43D8-95EE-53393AA607BE}.AppStore|x86.ActiveCfg = Release|Any CPU
		{6CD1F44B-9B47-43D8-95EE-53393AA607BE}.AppStore|x86.Build.0 = Release|Any CPU
		{6CD1F44B-9B47-43D8-95EE-53393AA607BE}.Debug|Any CPU.ActiveCfg = Debug|Any CPU
		{6CD1F44B-9B47-43D8-95EE-53393AA607BE}.Debug|Any CPU.Build.0 = Debug|Any CPU
		{6CD1F44B-9B47-43D8-95EE-53393AA607BE}.Debug|ARM.ActiveCfg = Debug|Any CPU
		{6CD1F44B-9B47-43D8-95EE-53393AA607BE}.Debug|ARM.Build.0 = Debug|Any CPU
		{6CD1F44B-9B47-43D8-95EE-53393AA607BE}.Debug|iPhone.ActiveCfg = Debug|Any CPU
		{6CD1F44B-9B47-43D8-95EE-53393AA607BE}.Debug|iPhone.Build.0 = Debug|Any CPU
		{6CD1F44B-9B47-43D8-95EE-53393AA607BE}.Debug|iPhoneSimulator.ActiveCfg = Debug|Any CPU
		{6CD1F44B-9B47-43D8-95EE-53393AA607BE}.Debug|iPhoneSimulator.Build.0 = Debug|Any CPU
		{6CD1F44B-9B47-43D8-95EE-53393AA607BE}.Debug|x64.ActiveCfg = Debug|Any CPU
		{6CD1F44B-9B47-43D8-95EE-53393AA607BE}.Debug|x64.Build.0 = Debug|Any CPU
		{6CD1F44B-9B47-43D8-95EE-53393AA607BE}.Debug|x86.ActiveCfg = Debug|Any CPU
		{6CD1F44B-9B47-43D8-95EE-53393AA607BE}.Debug|x86.Build.0 = Debug|Any CPU
		{6CD1F44B-9B47-43D8-95EE-53393AA607BE}.Release|Any CPU.ActiveCfg = Release|Any CPU
		{6CD1F44B-9B47-43D8-95EE-53393AA607BE}.Release|Any CPU.Build.0 = Release|Any CPU
		{6CD1F44B-9B47-43D8-95EE-53393AA607BE}.Release|ARM.ActiveCfg = Release|Any CPU
		{6CD1F44B-9B47-43D8-95EE-53393AA607BE}.Release|ARM.Build.0 = Release|Any CPU
		{6CD1F44B-9B47-43D8-95EE-53393AA607BE}.Release|iPhone.ActiveCfg = Release|Any CPU
		{6CD1F44B-9B47-43D8-95EE-53393AA607BE}.Release|iPhone.Build.0 = Release|Any CPU
		{6CD1F44B-9B47-43D8-95EE-53393AA607BE}.Release|iPhoneSimulator.ActiveCfg = Release|Any CPU
		{6CD1F44B-9B47-43D8-95EE-53393AA607BE}.Release|iPhoneSimulator.Build.0 = Release|Any CPU
		{6CD1F44B-9B47-43D8-95EE-53393AA607BE}.Release|x64.ActiveCfg = Release|Any CPU
		{6CD1F44B-9B47-43D8-95EE-53393AA607BE}.Release|x64.Build.0 = Release|Any CPU
		{6CD1F44B-9B47-43D8-95EE-53393AA607BE}.Release|x86.ActiveCfg = Release|Any CPU
		{6CD1F44B-9B47-43D8-95EE-53393AA607BE}.Release|x86.Build.0 = Release|Any CPU
	EndGlobalSection
	GlobalSection(SolutionProperties) = preSolution
		HideSolutionNode = FALSE
	EndGlobalSection
	GlobalSection(ExtensibilityGlobals) = postSolution
		SolutionGuid = {CA3E0937-CFB6-4F39-8CAE-2B3B71EF2FDC}
	EndGlobalSection
EndGlobal
